<?xml version="1.0" encoding="utf-8"?>
<Project ToolsVersion="4.0" xmlns="http://schemas.microsoft.com/developer/msbuild/2003">
  <ItemGroup>
    <ClCompile Include="src\Bridge.c">
      <Filter>src</Filter>
    </ClCompile>
    <ClCompile Include="src\main.c">
      <Filter>src</Filter>
    </ClCompile>
    <ClCompile Include="src\BridgeConfig.c">
      <Filter>src</Filter>
    </ClCompile>
    <ClCompile Include="src\config.c">
      <Filter>src</Filter>
    </ClCompile>
    <ClCompile Include="src\helper.c">
      <Filter>src</Filter>
    </ClCompile>
    <ClCompile Include="src\statistics.c">
      <Filter>src</Filter>
    </ClCompile>
    <ClCompile Include="src\BT_pcap_udp_counter.c">
      <Filter>src</Filter>
    </ClCompile>
    <ClCompile Include="src\BT_kernel_default_stack_udp_counter.c">
      <Filter>src</Filter>
    </ClCompile>
    <ClCompile Include="src\BT_one2one_pcap2kernelDefaultStack_SF.c">
      <Filter>src</Filter>
    </ClCompile>
  </ItemGroup>
  <ItemGroup>
    <Filter Include="header">
      <UniqueIdentifier>{73b64528-d8a2-405f-9381-d5a10e8006d0}</UniqueIdentifier>
    </Filter>
    <Filter Include="src">
      <UniqueIdentifier>{5d609be6-01bd-4a62-ab99-d88db53b9813}</UniqueIdentifier>
    </Filter>
    <Filter Include="dep">
      <UniqueIdentifier>{b39b1add-6bdc-4f57-942e-9f6385d8491b}</UniqueIdentifier>
    </Filter>
  </ItemGroup>
  <ItemGroup>
    <None Include="dep\Protocol_Bridge.dep">
      <Filter>dep</Filter>
    </None>
    <None Include="dep\Protocol_Bridge.inc">
      <Filter>dep</Filter>
    </None>
    <None Include="dep\Protocol_Bridge.use">
      <Filter>dep</Filter>
    </None>
  </ItemGroup>
  <ItemGroup>
    <ClInclude Include="header\msg.h">
      <Filter>header</Filter>
    </ClInclude>
    <ClInclude Include="header\definition.h">
      <Filter>header</Filter>
    </ClInclude>
    <ClInclude Include="header\config.h">
      <Filter>header</Filter>
    </ClInclude>
    <ClInclude Include="header\BridgeConfig.h">
      <Filter>header</Filter>
    </ClInclude>
    <ClInclude Include="header\Bridge.h">
      <Filter>header</Filter>
    </ClInclude>
    <ClInclude Include="header\statistics.h">
      <Filter>header</Filter>
    </ClInclude>
    <ClInclude Include="header\helper.h">
      <Filter>header</Filter>
    </ClInclude>
    <ClInclude Include="header\BT_pcap_udp_counter.h">
      <Filter>header</Filter>
    </ClInclude>
    <ClInclude Include="header\BT_kernel_default_stack_udp_counter.h">
      <Filter>header</Filter>
    </ClInclude>
    <ClInclude Include="header\BT_one2one_pcap2kernelDefaultStack_SF.h">
      <Filter>header</Filter>
    </ClInclude>
  </ItemGroup>
</Project>