<?xml version="1.0" encoding="utf-8"?>
<Project ToolsVersion="4.0" xmlns="http://schemas.microsoft.com/developer/msbuild/2003">
  <ItemGroup>
    <ClCompile Include="src\_1_pcap_udp_counter.c">
      <Filter>src</Filter>
    </ClCompile>
    <ClCompile Include="src\_2_krnl_udp_counter.c">
      <Filter>src</Filter>
    </ClCompile>
    <ClCompile Include="src\_3_one2one_pcap2krnl_SF.c">
      <Filter>src</Filter>
    </ClCompile>
    <ClCompile Include="src\_4_one2many_pcap2krnl_SF.c">
      <Filter>src</Filter>
    </ClCompile>
    <ClCompile Include="src\_5_many2one_pcap_krnl_SF.c">
      <Filter>src</Filter>
    </ClCompile>
    <ClCompile Include="src\async_pcap_udp_store.c">
      <Filter>src</Filter>
    </ClCompile>
    <ClCompile Include="src\async_tcp_forward.c">
      <Filter>src</Filter>
    </ClCompile>
    <ClCompile Include="src\Bridge.c">
      <Filter>src</Filter>
    </ClCompile>
    <ClCompile Include="src\BridgeConfig.c">
      <Filter>src</Filter>
    </ClCompile>
    <ClCompile Include="src\config.c">
      <Filter>src</Filter>
    </ClCompile>
    <ClCompile Include="src\helper.c">
      <Filter>src</Filter>
    </ClCompile>
    <ClCompile Include="src\main.c">
      <Filter>src</Filter>
    </ClCompile>
    <ClCompile Include="src\statistics.c">
      <Filter>src</Filter>
    </ClCompile>
    <ClCompile Include="src\packet_mngr.c">
      <Filter>src</Filter>
    </ClCompile>
    <ClCompile Include="src\_6_one2one_krnl2krnl_SF.c">
      <Filter>src</Filter>
    </ClCompile>
    <ClCompile Include="src\async_krnl_udp_store.c">
      <Filter>src</Filter>
    </ClCompile>
  </ItemGroup>
  <ItemGroup>
    <ClInclude Include="header\_1_pcap_udp_counter.h">
      <Filter>header</Filter>
    </ClInclude>
    <ClInclude Include="header\_2_krnl_udp_counter.h">
      <Filter>header</Filter>
    </ClInclude>
    <ClInclude Include="header\_3_one2one_pcap2krnl_SF.h">
      <Filter>header</Filter>
    </ClInclude>
    <ClInclude Include="header\_4_one2many_pcap2krnl_SF.h">
      <Filter>header</Filter>
    </ClInclude>
    <ClInclude Include="header\_5_many2one_pcap_krnl_SF.h">
      <Filter>header</Filter>
    </ClInclude>
    <ClInclude Include="header\async_pcap_udp_store.h">
      <Filter>header</Filter>
    </ClInclude>
    <ClInclude Include="header\async_tcp_forward.h">
      <Filter>header</Filter>
    </ClInclude>
    <ClInclude Include="header\Bridge.h">
      <Filter>header</Filter>
    </ClInclude>
    <ClInclude Include="header\BridgeConfig.h">
      <Filter>header</Filter>
    </ClInclude>
    <ClInclude Include="header\config.h">
      <Filter>header</Filter>
    </ClInclude>
    <ClInclude Include="header\definition.h">
      <Filter>header</Filter>
    </ClInclude>
    <ClInclude Include="header\garage.h">
      <Filter>header</Filter>
    </ClInclude>
    <ClInclude Include="header\helper.h">
      <Filter>header</Filter>
    </ClInclude>
    <ClInclude Include="header\msg.h">
      <Filter>header</Filter>
    </ClInclude>
    <ClInclude Include="header\statistics.h">
      <Filter>header</Filter>
    </ClInclude>
    <ClInclude Include="header\packet_mngr.h">
      <Filter>header</Filter>
    </ClInclude>
    <ClInclude Include="header\_6_one2one_krnl2krnl_SF.h">
      <Filter>header</Filter>
    </ClInclude>
  </ItemGroup>
  <ItemGroup>
    <None Include="dep\Protocol_Bridge.dep">
      <Filter>dep</Filter>
    </None>
    <None Include="dep\Protocol_Bridge.inc">
      <Filter>dep</Filter>
    </None>
    <None Include="dep\Protocol_Bridge.use">
      <Filter>dep</Filter>
    </None>
  </ItemGroup>
  <ItemGroup>
    <Text Include="cfg\config_ver.txt">
      <Filter>cfg</Filter>
    </Text>
    <Text Include="cfg\Protocol_Bridge_config.txt">
      <Filter>cfg</Filter>
    </Text>
  </ItemGroup>
  <ItemGroup>
    <Filter Include="header">
      <UniqueIdentifier>{a5c1ddc4-c48d-47e9-94ca-7626cf6bd350}</UniqueIdentifier>
    </Filter>
    <Filter Include="src">
      <UniqueIdentifier>{b27f4383-bee4-45c8-9fa2-c1b3faaadf25}</UniqueIdentifier>
    </Filter>
    <Filter Include="cfg">
      <UniqueIdentifier>{f3626076-6c6d-4ed8-9fda-eac4fcd44ed9}</UniqueIdentifier>
    </Filter>
    <Filter Include="dep">
      <UniqueIdentifier>{efc59e26-b2d6-48cf-98a6-a7008361148f}</UniqueIdentifier>
    </Filter>
  </ItemGroup>
</Project>